// !$*UTF8*$!
{
	archiveVersion = 1;
	classes = {
	};
	objectVersion = 56;
	objects = {

/* Begin PBXBuildFile section */
		48D185882AFB95F5009E9D80 /* SnapKit in Frameworks */ = {isa = PBXBuildFile; productRef = 48D185872AFB95F5009E9D80 /* SnapKit */; };
		48D1858A2AFB95F5009E9D80 /* SnapKit-Dynamic in Frameworks */ = {isa = PBXBuildFile; productRef = 48D185892AFB95F5009E9D80 /* SnapKit-Dynamic */; };
		48D3BFEA2AF8C49000E3D3AA /* AppDelegate.swift in Sources */ = {isa = PBXBuildFile; fileRef = 48D3BFE92AF8C49000E3D3AA /* AppDelegate.swift */; };
		48D3BFEC2AF8C49000E3D3AA /* SceneDelegate.swift in Sources */ = {isa = PBXBuildFile; fileRef = 48D3BFEB2AF8C49000E3D3AA /* SceneDelegate.swift */; };
		48D3BFEE2AF8C49000E3D3AA /* ViewController.swift in Sources */ = {isa = PBXBuildFile; fileRef = 48D3BFED2AF8C49000E3D3AA /* ViewController.swift */; };
		48D3BFF32AF8C49200E3D3AA /* Assets.xcassets in Resources */ = {isa = PBXBuildFile; fileRef = 48D3BFF22AF8C49200E3D3AA /* Assets.xcassets */; };
		CE39D7CAD5B6CC792BFBC718 /* Pods_5st.framework in Frameworks */ = {isa = PBXBuildFile; fileRef = 1C1BCFA66CDC803903A18368 /* Pods_5st.framework */; };
/* End PBXBuildFile section */

/* Begin PBXFileReference section */
		1C1BCFA66CDC803903A18368 /* Pods_5st.framework */ = {isa = PBXFileReference; explicitFileType = wrapper.framework; includeInIndex = 0; path = Pods_5st.framework; sourceTree = BUILT_PRODUCTS_DIR; };
		35ED7B1B42D1FD95B4157067 /* Pods-5st.release.xcconfig */ = {isa = PBXFileReference; includeInIndex = 1; lastKnownFileType = text.xcconfig; name = "Pods-5st.release.xcconfig"; path = "Target Support Files/Pods-5st/Pods-5st.release.xcconfig"; sourceTree = "<group>"; };
		48D3BFE62AF8C49000E3D3AA /* 5st.app */ = {isa = PBXFileReference; explicitFileType = wrapper.application; includeInIndex = 0; path = 5st.app; sourceTree = BUILT_PRODUCTS_DIR; };
		48D3BFE92AF8C49000E3D3AA /* AppDelegate.swift */ = {isa = PBXFileReference; lastKnownFileType = sourcecode.swift; path = AppDelegate.swift; sourceTree = "<group>"; };
		48D3BFEB2AF8C49000E3D3AA /* SceneDelegate.swift */ = {isa = PBXFileReference; lastKnownFileType = sourcecode.swift; path = SceneDelegate.swift; sourceTree = "<group>"; };
		48D3BFED2AF8C49000E3D3AA /* ViewController.swift */ = {isa = PBXFileReference; lastKnownFileType = sourcecode.swift; path = ViewController.swift; sourceTree = "<group>"; };
		48D3BFF22AF8C49200E3D3AA /* Assets.xcassets */ = {isa = PBXFileReference; lastKnownFileType = folder.assetcatalog; path = Assets.xcassets; sourceTree = "<group>"; };
		48D3BFF72AF8C49200E3D3AA /* Info.plist */ = {isa = PBXFileReference; lastKnownFileType = text.plist.xml; path = Info.plist; sourceTree = "<group>"; };
		6F1AEC406C537568007CA7CE /* Pods-5st.debug.xcconfig */ = {isa = PBXFileReference; includeInIndex = 1; lastKnownFileType = text.xcconfig; name = "Pods-5st.debug.xcconfig"; path = "Target Support Files/Pods-5st/Pods-5st.debug.xcconfig"; sourceTree = "<group>"; };
/* End PBXFileReference section */

/* Begin PBXFrameworksBuildPhase section */
		48D3BFE32AF8C49000E3D3AA /* Frameworks */ = {
			isa = PBXFrameworksBuildPhase;
			buildActionMask = 2147483647;
			files = (
				CE39D7CAD5B6CC792BFBC718 /* Pods_5st.framework in Frameworks */,
				48D185882AFB95F5009E9D80 /* SnapKit in Frameworks */,
				48D1858A2AFB95F5009E9D80 /* SnapKit-Dynamic in Frameworks */,
			);
			runOnlyForDeploymentPostprocessing = 0;
		};
/* End PBXFrameworksBuildPhase section */

/* Begin PBXGroup section */
		48D3BFDD2AF8C49000E3D3AA = {
			isa = PBXGroup;
			children = (
				48D3BFE82AF8C49000E3D3AA /* 5st */,
				48D3BFE72AF8C49000E3D3AA /* Products */,
				9E59E5F0CE4A37B9D350C332 /* Pods */,
				ECD44216EC7A11B59A9D7576 /* Frameworks */,
			);
			sourceTree = "<group>";
		};
		48D3BFE72AF8C49000E3D3AA /* Products */ = {
			isa = PBXGroup;
			children = (
				48D3BFE62AF8C49000E3D3AA /* 5st.app */,
			);
			name = Products;
			sourceTree = "<group>";
		};
		48D3BFE82AF8C49000E3D3AA /* 5st */ = {
			isa = PBXGroup;
			children = (
				48D3BFE92AF8C49000E3D3AA /* AppDelegate.swift */,
				48D3BFEB2AF8C49000E3D3AA /* SceneDelegate.swift */,
				48D3BFED2AF8C49000E3D3AA /* ViewController.swift */,
				48D3BFF22AF8C49200E3D3AA /* Assets.xcassets */,
				48D3BFF72AF8C49200E3D3AA /* Info.plist */,
			);
			path = 5st;
			sourceTree = "<group>";
		};
		9E59E5F0CE4A37B9D350C332 /* Pods */ = {
			isa = PBXGroup;
			children = (
				6F1AEC406C537568007CA7CE /* Pods-5st.debug.xcconfig */,
				35ED7B1B42D1FD95B4157067 /* Pods-5st.release.xcconfig */,
			);
			path = Pods;
			sourceTree = "<group>";
		};
		ECD44216EC7A11B59A9D7576 /* Frameworks */ = {
			isa = PBXGroup;
			children = (
				1C1BCFA66CDC803903A18368 /* Pods_5st.framework */,
			);
			name = Frameworks;
			sourceTree = "<group>";
		};
/* End PBXGroup section */

/* Begin PBXNativeTarget section */
		48D3BFE52AF8C49000E3D3AA /* 5st */ = {
			isa = PBXNativeTarget;
			buildConfigurationList = 48D3BFFA2AF8C49200E3D3AA /* Build configuration list for PBXNativeTarget "5st" */;
			buildPhases = (
				E280EC597B269F4B6A941BEA /* [CP] Check Pods Manifest.lock */,
				48D3BFE22AF8C49000E3D3AA /* Sources */,
				48D3BFE32AF8C49000E3D3AA /* Frameworks */,
				48D3BFE42AF8C49000E3D3AA /* Resources */,
				D9A86CDB678271815935E05C /* [CP] Embed Pods Frameworks */,
			);
			buildRules = (
			);
			dependencies = (
			);
			name = 5st;
			packageProductDependencies = (
				48D185872AFB95F5009E9D80 /* SnapKit */,
				48D185892AFB95F5009E9D80 /* SnapKit-Dynamic */,
			);
			productName = 5st;
			productReference = 48D3BFE62AF8C49000E3D3AA /* 5st.app */;
			productType = "com.apple.product-type.application";
		};
/* End PBXNativeTarget section */

/* Begin PBXProject section */
		48D3BFDE2AF8C49000E3D3AA /* Project object */ = {
			isa = PBXProject;
			attributes = {
				BuildIndependentTargetsInParallel = 1;
				LastSwiftUpdateCheck = 1500;
				LastUpgradeCheck = 1500;
				TargetAttributes = {
					48D3BFE52AF8C49000E3D3AA = {
						CreatedOnToolsVersion = 15.0.1;
					};
				};
			};
			buildConfigurationList = 48D3BFE12AF8C49000E3D3AA /* Build configuration list for PBXProject "5st" */;
			compatibilityVersion = "Xcode 14.0";
			developmentRegion = en;
			hasScannedForEncodings = 0;
			knownRegions = (
				en,
				Base,
			);
			mainGroup = 48D3BFDD2AF8C49000E3D3AA;
			packageReferences = (
				48D185862AFB95F5009E9D80 /* XCRemoteSwiftPackageReference "SnapKit" */,
			);
			productRefGroup = 48D3BFE72AF8C49000E3D3AA /* Products */;
			projectDirPath = "";
			projectRoot = "";
			targets = (
				48D3BFE52AF8C49000E3D3AA /* 5st */,
			);
		};
/* End PBXProject section */

/* Begin PBXResourcesBuildPhase section */
		48D3BFE42AF8C49000E3D3AA /* Resources */ = {
			isa = PBXResourcesBuildPhase;
			buildActionMask = 2147483647;
			files = (
				48D3BFF32AF8C49200E3D3AA /* Assets.xcassets in Resources */,
			);
			runOnlyForDeploymentPostprocessing = 0;
		};
/* End PBXResourcesBuildPhase section */

/* Begin PBXShellScriptBuildPhase section */
		D9A86CDB678271815935E05C /* [CP] Embed Pods Frameworks */ = {
			isa = PBXShellScriptBuildPhase;
			buildActionMask = 2147483647;
			files = (
			);
			inputFileListPaths = (
				"${PODS_ROOT}/Target Support Files/Pods-5st/Pods-5st-frameworks-${CONFIGURATION}-input-files.xcfilelist",
			);
			name = "[CP] Embed Pods Frameworks";
			outputFileListPaths = (
				"${PODS_ROOT}/Target Support Files/Pods-5st/Pods-5st-frameworks-${CONFIGURATION}-output-files.xcfilelist",
			);
			runOnlyForDeploymentPostprocessing = 0;
			shellPath = /bin/sh;
			shellScript = "\"${PODS_ROOT}/Target Support Files/Pods-5st/Pods-5st-frameworks.sh\"\n";
			showEnvVarsInLog = 0;
		};
		E280EC597B269F4B6A941BEA /* [CP] Check Pods Manifest.lock */ = {
			isa = PBXShellScriptBuildPhase;
			buildActionMask = 2147483647;
			files = (
			);
			inputFileListPaths = (
			);
			inputPaths = (
				"${PODS_PODFILE_DIR_PATH}/Podfile.lock",
				"${PODS_ROOT}/Manifest.lock",
			);
			name = "[CP] Check Pods Manifest.lock";
			outputFileListPaths = (
			);
			outputPaths = (
				"$(DERIVED_FILE_DIR)/Pods-5st-checkManifestLockResult.txt",
			);
			runOnlyForDeploymentPostprocessing = 0;
			shellPath = /bin/sh;
			shellScript = "diff \"${PODS_PODFILE_DIR_PATH}/Podfile.lock\" \"${PODS_ROOT}/Manifest.lock\" > /dev/null\nif [ $? != 0 ] ; then\n    # print error to STDERR\n    echo \"error: The sandbox is not in sync with the Podfile.lock. Run 'pod install' or update your CocoaPods installation.\" >&2\n    exit 1\nfi\n# This output is used by Xcode 'outputs' to avoid re-running this script phase.\necho \"SUCCESS\" > \"${SCRIPT_OUTPUT_FILE_0}\"\n";
			showEnvVarsInLog = 0;
		};
/* End PBXShellScriptBuildPhase section */

/* Begin PBXSourcesBuildPhase section */
		48D3BFE22AF8C49000E3D3AA /* Sources */ = {
			isa = PBXSourcesBuildPhase;
			buildActionMask = 2147483647;
			files = (
				48D3BFEE2AF8C49000E3D3AA /* ViewController.swift in Sources */,
				48D3BFEA2AF8C49000E3D3AA /* AppDelegate.swift in Sources */,
				48D3BFEC2AF8C49000E3D3AA /* SceneDelegate.swift in Sources */,
			);
			runOnlyForDeploymentPostprocessing = 0;
		};
/* End PBXSourcesBuildPhase section */

/* Begin XCBuildConfiguration section */
		48D3BFF82AF8C49200E3D3AA /* Debug */ = {
			isa = XCBuildConfiguration;
			buildSettings = {
				ALWAYS_SEARCH_USER_PATHS = NO;
				ASSETCATALOG_COMPILER_GENERATE_SWIFT_ASSET_SYMBOL_EXTENSIONS = YES;
				CLANG_ANALYZER_NONNULL = YES;
				CLANG_ANALYZER_NUMBER_OBJECT_CONVERSION = YES_AGGRESSIVE;
				CLANG_CXX_LANGUAGE_STANDARD = "gnu++20";
				CLANG_ENABLE_MODULES = YES;
				CLANG_ENABLE_OBJC_ARC = YES;
				CLANG_ENABLE_OBJC_WEAK = YES;
				CLANG_WARN_BLOCK_CAPTURE_AUTORELEASING = YES;
				CLANG_WARN_BOOL_CONVERSION = YES;
				CLANG_WARN_COMMA = YES;
				CLANG_WARN_CONSTANT_CONVERSION = YES;
				CLANG_WARN_DEPRECATED_OBJC_IMPLEMENTATIONS = YES;
				CLANG_WARN_DIRECT_OBJC_ISA_USAGE = YES_ERROR;
				CLANG_WARN_DOCUMENTATION_COMMENTS = YES;
				CLANG_WARN_EMPTY_BODY = YES;
				CLANG_WARN_ENUM_CONVERSION = YES;
				CLANG_WARN_INFINITE_RECURSION = YES;
				CLANG_WARN_INT_CONVERSION = YES;
				CLANG_WARN_NON_LITERAL_NULL_CONVERSION = YES;
				CLANG_WARN_OBJC_IMPLICIT_RETAIN_SELF = YES;
				CLANG_WARN_OBJC_LITERAL_CONVERSION = YES;
				CLANG_WARN_OBJC_ROOT_CLASS = YES_ERROR;
				CLANG_WARN_QUOTED_INCLUDE_IN_FRAMEWORK_HEADER = YES;
				CLANG_WARN_RANGE_LOOP_ANALYSIS = YES;
				CLANG_WARN_STRICT_PROTOTYPES = YES;
				CLANG_WARN_SUSPICIOUS_MOVE = YES;
				CLANG_WARN_UNGUARDED_AVAILABILITY = YES_AGGRESSIVE;
				CLANG_WARN_UNREACHABLE_CODE = YES;
				CLANG_WARN__DUPLICATE_METHOD_MATCH = YES;
				COPY_PHASE_STRIP = NO;
				DEBUG_INFORMATION_FORMAT = dwarf;
				ENABLE_STRICT_OBJC_MSGSEND = YES;
				ENABLE_TESTABILITY = YES;
				ENABLE_USER_SCRIPT_SANDBOXING = NO;
				GCC_C_LANGUAGE_STANDARD = gnu17;
				GCC_DYNAMIC_NO_PIC = NO;
				GCC_NO_COMMON_BLOCKS = YES;
				GCC_OPTIMIZATION_LEVEL = 0;
				GCC_PREPROCESSOR_DEFINITIONS = (
					"DEBUG=1",
					"$(inherited)",
				);
				GCC_WARN_64_TO_32_BIT_CONVERSION = YES;
				GCC_WARN_ABOUT_RETURN_TYPE = YES_ERROR;
				GCC_WARN_UNDECLARED_SELECTOR = YES;
				GCC_WARN_UNINITIALIZED_AUTOS = YES_AGGRESSIVE;
				GCC_WARN_UNUSED_FUNCTION = YES;
				GCC_WARN_UNUSED_VARIABLE = YES;
				IPHONEOS_DEPLOYMENT_TARGET = 17.0;
				LOCALIZATION_PREFERS_STRING_CATALOGS = YES;
				MTL_ENABLE_DEBUG_INFO = INCLUDE_SOURCE;
				MTL_FAST_MATH = YES;
				ONLY_ACTIVE_ARCH = YES;
				SDKROOT = iphoneos;
				SWIFT_ACTIVE_COMPILATION_CONDITIONS = "DEBUG $(inherited)";
				SWIFT_OPTIMIZATION_LEVEL = "-Onone";
			};
			name = Debug;
		};
		48D3BFF92AF8C49200E3D3AA /* Release */ = {
			isa = XCBuildConfiguration;
			buildSettings = {
				ALWAYS_SEARCH_USER_PATHS = NO;
				ASSETCATALOG_COMPILER_GENERATE_SWIFT_ASSET_SYMBOL_EXTENSIONS = YES;
				CLANG_ANALYZER_NONNULL = YES;
				CLANG_ANALYZER_NUMBER_OBJECT_CONVERSION = YES_AGGRESSIVE;
				CLANG_CXX_LANGUAGE_STANDARD = "gnu++20";
				CLANG_ENABLE_MODULES = YES;
				CLANG_ENABLE_OBJC_ARC = YES;
				CLANG_ENABLE_OBJC_WEAK = YES;
				CLANG_WARN_BLOCK_CAPTURE_AUTORELEASING = YES;
				CLANG_WARN_BOOL_CONVERSION = YES;
				CLANG_WARN_COMMA = YES;
				CLANG_WARN_CONSTANT_CONVERSION = YES;
				CLANG_WARN_DEPRECATED_OBJC_IMPLEMENTATIONS = YES;
				CLANG_WARN_DIRECT_OBJC_ISA_USAGE = YES_ERROR;
				CLANG_WARN_DOCUMENTATION_COMMENTS = YES;
				CLANG_WARN_EMPTY_BODY = YES;
				CLANG_WARN_ENUM_CONVERSION = YES;
				CLANG_WARN_INFINITE_RECURSION = YES;
				CLANG_WARN_INT_CONVERSION = YES;
				CLANG_WARN_NON_LITERAL_NULL_CONVERSION = YES;
				CLANG_WARN_OBJC_IMPLICIT_RETAIN_SELF = YES;
				CLANG_WARN_OBJC_LITERAL_CONVERSION = YES;
				CLANG_WARN_OBJC_ROOT_CLASS = YES_ERROR;
				CLANG_WARN_QUOTED_INCLUDE_IN_FRAMEWORK_HEADER = YES;
				CLANG_WARN_RANGE_LOOP_ANALYSIS = YES;
				CLANG_WARN_STRICT_PROTOTYPES = YES;
				CLANG_WARN_SUSPICIOUS_MOVE = YES;
				CLANG_WARN_UNGUARDED_AVAILABILITY = YES_AGGRESSIVE;
				CLANG_WARN_UNREACHABLE_CODE = YES;
				CLANG_WARN__DUPLICATE_METHOD_MATCH = YES;
				COPY_PHASE_STRIP = NO;
				DEBUG_INFORMATION_FORMAT = "dwarf-with-dsym";
				ENABLE_NS_ASSERTIONS = NO;
				ENABLE_STRICT_OBJC_MSGSEND = YES;
				ENABLE_USER_SCRIPT_SANDBOXING = NO;
				GCC_C_LANGUAGE_STANDARD = gnu17;
				GCC_NO_COMMON_BLOCKS = YES;
				GCC_WARN_64_TO_32_BIT_CONVERSION = YES;
				GCC_WARN_ABOUT_RETURN_TYPE = YES_ERROR;
				GCC_WARN_UNDECLARED_SELECTOR = YES;
				GCC_WARN_UNINITIALIZED_AUTOS = YES_AGGRESSIVE;
				GCC_WARN_UNUSED_FUNCTION = YES;
				GCC_WARN_UNUSED_VARIABLE = YES;
				IPHONEOS_DEPLOYMENT_TARGET = 17.0;
				LOCALIZATION_PREFERS_STRING_CATALOGS = YES;
				MTL_ENABLE_DEBUG_INFO = NO;
				MTL_FAST_MATH = YES;
				SDKROOT = iphoneos;
				SWIFT_COMPILATION_MODE = wholemodule;
				VALIDATE_PRODUCT = YES;
			};
			name = Release;
		};
		48D3BFFB2AF8C49200E3D3AA /* Debug */ = {
			isa = XCBuildConfiguration;
			baseConfigurationReference = 6F1AEC406C537568007CA7CE /* Pods-5st.debug.xcconfig */;
			buildSettings = {
				ASSETCATALOG_COMPILER_APPICON_NAME = AppIcon;
				ASSETCATALOG_COMPILER_GLOBAL_ACCENT_COLOR_NAME = AccentColor;
				CODE_SIGN_STYLE = Automatic;
				CURRENT_PROJECT_VERSION = 1;
				GENERATE_INFOPLIST_FILE = YES;
				INFOPLIST_FILE = 5st/Info.plist;
				INFOPLIST_KEY_UIApplicationSupportsIndirectInputEvents = YES;
				INFOPLIST_KEY_UILaunchStoryboardName = LaunchScreen;
				INFOPLIST_KEY_UISupportedInterfaceOrientations_iPad = "UIInterfaceOrientationPortrait UIInterfaceOrientationPortraitUpsideDown UIInterfaceOrientationLandscapeLeft UIInterfaceOrientationLandscapeRight";
				INFOPLIST_KEY_UISupportedInterfaceOrientations_iPhone = "UIInterfaceOrientationPortrait UIInterfaceOrientationLandscapeLeft UIInterfaceOrientationLandscapeRight";
				LD_RUNPATH_SEARCH_PATHS = (
					"$(inherited)",
					"@executable_path/Frameworks",
				);
				MARKETING_VERSION = 1.0;
				PRODUCT_BUNDLE_IDENTIFIER = app.testUMC;
				PRODUCT_NAME = "$(TARGET_NAME)";
				SWIFT_EMIT_LOC_STRINGS = YES;
				SWIFT_VERSION = 5.0;
				TARGETED_DEVICE_FAMILY = "1,2";
			};
			name = Debug;
		};
		48D3BFFC2AF8C49200E3D3AA /* Release */ = {
			isa = XCBuildConfiguration;
			baseConfigurationReference = 35ED7B1B42D1FD95B4157067 /* Pods-5st.release.xcconfig */;
			buildSettings = {
				ASSETCATALOG_COMPILER_APPICON_NAME = AppIcon;
				ASSETCATALOG_COMPILER_GLOBAL_ACCENT_COLOR_NAME = AccentColor;
				CODE_SIGN_STYLE = Automatic;
				CURRENT_PROJECT_VERSION = 1;
				GENERATE_INFOPLIST_FILE = YES;
				INFOPLIST_FILE = 5st/Info.plist;
				INFOPLIST_KEY_UIApplicationSupportsIndirectInputEvents = YES;
				INFOPLIST_KEY_UILaunchStoryboardName = LaunchScreen;
				INFOPLIST_KEY_UISupportedInterfaceOrientations_iPad = "UIInterfaceOrientationPortrait UIInterfaceOrientationPortraitUpsideDown UIInterfaceOrientationLandscapeLeft UIInterfaceOrientationLandscapeRight";
				INFOPLIST_KEY_UISupportedInterfaceOrientations_iPhone = "UIInterfaceOrientationPortrait UIInterfaceOrientationLandscapeLeft UIInterfaceOrientationLandscapeRight";
				LD_RUNPATH_SEARCH_PATHS = (
					"$(inherited)",
					"@executable_path/Frameworks",
				);
				MARKETING_VERSION = 1.0;
				PRODUCT_BUNDLE_IDENTIFIER = app.testUMC;
				PRODUCT_NAME = "$(TARGET_NAME)";
				SWIFT_EMIT_LOC_STRINGS = YES;
				SWIFT_VERSION = 5.0;
				TARGETED_DEVICE_FAMILY = "1,2";
			};
			name = Release;
		};
/* End XCBuildConfiguration section */

/* Begin XCConfigurationList section */
		48D3BFE12AF8C49000E3D3AA /* Build configuration list for PBXProject "5st" */ = {
			isa = XCConfigurationList;
			buildConfigurations = (
				48D3BFF82AF8C49200E3D3AA /* Debug */,
				48D3BFF92AF8C49200E3D3AA /* Release */,
			);
			defaultConfigurationIsVisible = 0;
			defaultConfigurationName = Release;
		};
		48D3BFFA2AF8C49200E3D3AA /* Build configuration list for PBXNativeTarget "5st" */ = {
			isa = XCConfigurationList;
			buildConfigurations = (
				48D3BFFB2AF8C49200E3D3AA /* Debug */,
				48D3BFFC2AF8C49200E3D3AA /* Release */,
			);
			defaultConfigurationIsVisible = 0;
			defaultConfigurationName = Release;
		};
/* End XCConfigurationList section */

/* Begin XCRemoteSwiftPackageReference section */
		48D185862AFB95F5009E9D80 /* XCRemoteSwiftPackageReference "SnapKit" */ = {
			isa = XCRemoteSwiftPackageReference;
			repositoryURL = "https://github.com/SnapKit/SnapKit";
			requirement = {
				kind = upToNextMajorVersion;
				minimumVersion = 5.6.0;
			};
		};
/* End XCRemoteSwiftPackageReference section */

/* Begin XCSwiftPackageProductDependency section */
		48D185872AFB95F5009E9D80 /* SnapKit */ = {
			isa = XCSwiftPackageProductDependency;
			package = 48D185862AFB95F5009E9D80 /* XCRemoteSwiftPackageReference "SnapKit" */;
			productName = SnapKit;
		};
		48D185892AFB95F5009E9D80 /* SnapKit-Dynamic */ = {
			isa = XCSwiftPackageProductDependency;
			package = 48D185862AFB95F5009E9D80 /* XCRemoteSwiftPackageReference "SnapKit" */;
			productName = "SnapKit-Dynamic";
		};
/* End XCSwiftPackageProductDependency section */
	};
	rootObject = 48D3BFDE2AF8C49000E3D3AA /* Project object */;
}
