// !$*UTF8*$!
{
	archiveVersion = 1;
	classes = {
	};
	objectVersion = 56;
	objects = {

/* Begin PBXBuildFile section */
		482D80DC2ABF1CAA00DE6184 /* CouponBtn.swift in Sources */ = {isa = PBXBuildFile; fileRef = 482D80DB2ABF1CAA00DE6184 /* CouponBtn.swift */; };
		482D80DE2ABF1E4100DE6184 /* TopUIView.swift in Sources */ = {isa = PBXBuildFile; fileRef = 482D80DD2ABF1E4100DE6184 /* TopUIView.swift */; };
		482D80E12ABF392500DE6184 /* voucher.png in Resources */ = {isa = PBXBuildFile; fileRef = 482D80E02ABF392500DE6184 /* voucher.png */; };
		482D80E32ABF3C4400DE6184 /* TopAdvertiseView.swift in Sources */ = {isa = PBXBuildFile; fileRef = 482D80E22ABF3C4400DE6184 /* TopAdvertiseView.swift */; };
		482D80E72ABF463500DE6184 /* DeliveryStackView.swift in Sources */ = {isa = PBXBuildFile; fileRef = 482D80E62ABF463500DE6184 /* DeliveryStackView.swift */; };
		489435E42ABEF279001F1728 /* AppDelegate.swift in Sources */ = {isa = PBXBuildFile; fileRef = 489435E32ABEF279001F1728 /* AppDelegate.swift */; };
		489435E62ABEF279001F1728 /* SceneDelegate.swift in Sources */ = {isa = PBXBuildFile; fileRef = 489435E52ABEF279001F1728 /* SceneDelegate.swift */; };
		489435E82ABEF279001F1728 /* ViewController.swift in Sources */ = {isa = PBXBuildFile; fileRef = 489435E72ABEF279001F1728 /* ViewController.swift */; };
		489435EE2ABEF279001F1728 /* _st.xcdatamodeld in Sources */ = {isa = PBXBuildFile; fileRef = 489435EC2ABEF279001F1728 /* _st.xcdatamodeld */; };
		489435F02ABEF279001F1728 /* Assets.xcassets in Resources */ = {isa = PBXBuildFile; fileRef = 489435EF2ABEF279001F1728 /* Assets.xcassets */; };
		489435F32ABEF279001F1728 /* LaunchScreen.storyboard in Resources */ = {isa = PBXBuildFile; fileRef = 489435F12ABEF279001F1728 /* LaunchScreen.storyboard */; };
		489435FC2ABEF33F001F1728 /* SnapKit in Frameworks */ = {isa = PBXBuildFile; productRef = 489435FB2ABEF33F001F1728 /* SnapKit */; };
/* End PBXBuildFile section */

/* Begin PBXFileReference section */
		482D80DB2ABF1CAA00DE6184 /* CouponBtn.swift */ = {isa = PBXFileReference; lastKnownFileType = sourcecode.swift; path = CouponBtn.swift; sourceTree = "<group>"; };
		482D80DD2ABF1E4100DE6184 /* TopUIView.swift */ = {isa = PBXFileReference; lastKnownFileType = sourcecode.swift; path = TopUIView.swift; sourceTree = "<group>"; };
		482D80E02ABF392500DE6184 /* voucher.png */ = {isa = PBXFileReference; lastKnownFileType = image.png; path = voucher.png; sourceTree = "<group>"; };
		482D80E22ABF3C4400DE6184 /* TopAdvertiseView.swift */ = {isa = PBXFileReference; lastKnownFileType = sourcecode.swift; path = TopAdvertiseView.swift; sourceTree = "<group>"; };
		482D80E62ABF463500DE6184 /* DeliveryStackView.swift */ = {isa = PBXFileReference; lastKnownFileType = sourcecode.swift; path = DeliveryStackView.swift; sourceTree = "<group>"; };
		489435E02ABEF279001F1728 /* 1st.app */ = {isa = PBXFileReference; explicitFileType = wrapper.application; includeInIndex = 0; path = 1st.app; sourceTree = BUILT_PRODUCTS_DIR; };
		489435E32ABEF279001F1728 /* AppDelegate.swift */ = {isa = PBXFileReference; lastKnownFileType = sourcecode.swift; path = AppDelegate.swift; sourceTree = "<group>"; };
		489435E52ABEF279001F1728 /* SceneDelegate.swift */ = {isa = PBXFileReference; lastKnownFileType = sourcecode.swift; path = SceneDelegate.swift; sourceTree = "<group>"; };
		489435E72ABEF279001F1728 /* ViewController.swift */ = {isa = PBXFileReference; lastKnownFileType = sourcecode.swift; path = ViewController.swift; sourceTree = "<group>"; };
		489435ED2ABEF279001F1728 /* _st.xcdatamodel */ = {isa = PBXFileReference; lastKnownFileType = wrapper.xcdatamodel; path = _st.xcdatamodel; sourceTree = "<group>"; };
		489435EF2ABEF279001F1728 /* Assets.xcassets */ = {isa = PBXFileReference; lastKnownFileType = folder.assetcatalog; path = Assets.xcassets; sourceTree = "<group>"; };
		489435F22ABEF279001F1728 /* Base */ = {isa = PBXFileReference; lastKnownFileType = file.storyboard; name = Base; path = Base.lproj/LaunchScreen.storyboard; sourceTree = "<group>"; };
		489435F42ABEF279001F1728 /* Info.plist */ = {isa = PBXFileReference; lastKnownFileType = text.plist.xml; path = Info.plist; sourceTree = "<group>"; };
/* End PBXFileReference section */

/* Begin PBXFrameworksBuildPhase section */
		489435DD2ABEF279001F1728 /* Frameworks */ = {
			isa = PBXFrameworksBuildPhase;
			buildActionMask = 2147483647;
			files = (
				489435FC2ABEF33F001F1728 /* SnapKit in Frameworks */,
			);
			runOnlyForDeploymentPostprocessing = 0;
		};
/* End PBXFrameworksBuildPhase section */

/* Begin PBXGroup section */
		482D80DF2ABF391A00DE6184 /* Image */ = {
			isa = PBXGroup;
			children = (
				482D80E02ABF392500DE6184 /* voucher.png */,
			);
			path = Image;
			sourceTree = "<group>";
		};
		489435D72ABEF279001F1728 = {
			isa = PBXGroup;
			children = (
				489435E22ABEF279001F1728 /* 1st */,
				489435E12ABEF279001F1728 /* Products */,
			);
			sourceTree = "<group>";
		};
		489435E12ABEF279001F1728 /* Products */ = {
			isa = PBXGroup;
			children = (
				489435E02ABEF279001F1728 /* 1st.app */,
			);
			name = Products;
			sourceTree = "<group>";
		};
		489435E22ABEF279001F1728 /* 1st */ = {
			isa = PBXGroup;
			children = (
				482D80DF2ABF391A00DE6184 /* Image */,
				489435E32ABEF279001F1728 /* AppDelegate.swift */,
				489435E52ABEF279001F1728 /* SceneDelegate.swift */,
				489435E72ABEF279001F1728 /* ViewController.swift */,
				482D80DD2ABF1E4100DE6184 /* TopUIView.swift */,
				482D80E22ABF3C4400DE6184 /* TopAdvertiseView.swift */,
				482D80E62ABF463500DE6184 /* DeliveryStackView.swift */,
				482D80DB2ABF1CAA00DE6184 /* CouponBtn.swift */,
				489435EF2ABEF279001F1728 /* Assets.xcassets */,
				489435F12ABEF279001F1728 /* LaunchScreen.storyboard */,
				489435F42ABEF279001F1728 /* Info.plist */,
				489435EC2ABEF279001F1728 /* _st.xcdatamodeld */,
			);
			path = 1st;
			sourceTree = "<group>";
		};
/* End PBXGroup section */

/* Begin PBXNativeTarget section */
		489435DF2ABEF279001F1728 /* 1st */ = {
			isa = PBXNativeTarget;
			buildConfigurationList = 489435F72ABEF279001F1728 /* Build configuration list for PBXNativeTarget "1st" */;
			buildPhases = (
				489435DC2ABEF279001F1728 /* Sources */,
				489435DD2ABEF279001F1728 /* Frameworks */,
				489435DE2ABEF279001F1728 /* Resources */,
			);
			buildRules = (
			);
			dependencies = (
			);
			name = 1st;
			packageProductDependencies = (
				489435FB2ABEF33F001F1728 /* SnapKit */,
			);
			productName = 1st;
			productReference = 489435E02ABEF279001F1728 /* 1st.app */;
			productType = "com.apple.product-type.application";
		};
/* End PBXNativeTarget section */

/* Begin PBXProject section */
		489435D82ABEF279001F1728 /* Project object */ = {
			isa = PBXProject;
			attributes = {
				BuildIndependentTargetsInParallel = 1;
				LastSwiftUpdateCheck = 1430;
				LastUpgradeCheck = 1430;
				TargetAttributes = {
					489435DF2ABEF279001F1728 = {
						CreatedOnToolsVersion = 14.3.1;
					};
				};
			};
			buildConfigurationList = 489435DB2ABEF279001F1728 /* Build configuration list for PBXProject "1st" */;
			compatibilityVersion = "Xcode 14.0";
			developmentRegion = en;
			hasScannedForEncodings = 0;
			knownRegions = (
				en,
				Base,
			);
			mainGroup = 489435D72ABEF279001F1728;
			packageReferences = (
				489435FA2ABEF33F001F1728 /* XCRemoteSwiftPackageReference "SnapKit" */,
			);
			productRefGroup = 489435E12ABEF279001F1728 /* Products */;
			projectDirPath = "";
			projectRoot = "";
			targets = (
				489435DF2ABEF279001F1728 /* 1st */,
			);
		};
/* End PBXProject section */

/* Begin PBXResourcesBuildPhase section */
		489435DE2ABEF279001F1728 /* Resources */ = {
			isa = PBXResourcesBuildPhase;
			buildActionMask = 2147483647;
			files = (
				489435F32ABEF279001F1728 /* LaunchScreen.storyboard in Resources */,
				482D80E12ABF392500DE6184 /* voucher.png in Resources */,
				489435F02ABEF279001F1728 /* Assets.xcassets in Resources */,
			);
			runOnlyForDeploymentPostprocessing = 0;
		};
/* End PBXResourcesBuildPhase section */

/* Begin PBXSourcesBuildPhase section */
		489435DC2ABEF279001F1728 /* Sources */ = {
			isa = PBXSourcesBuildPhase;
			buildActionMask = 2147483647;
			files = (
				489435E82ABEF279001F1728 /* ViewController.swift in Sources */,
				489435E42ABEF279001F1728 /* AppDelegate.swift in Sources */,
				482D80E32ABF3C4400DE6184 /* TopAdvertiseView.swift in Sources */,
				489435EE2ABEF279001F1728 /* _st.xcdatamodeld in Sources */,
				489435E62ABEF279001F1728 /* SceneDelegate.swift in Sources */,
				482D80DE2ABF1E4100DE6184 /* TopUIView.swift in Sources */,
				482D80DC2ABF1CAA00DE6184 /* CouponBtn.swift in Sources */,
				482D80E72ABF463500DE6184 /* DeliveryStackView.swift in Sources */,
			);
			runOnlyForDeploymentPostprocessing = 0;
		};
/* End PBXSourcesBuildPhase section */

/* Begin PBXVariantGroup section */
		489435F12ABEF279001F1728 /* LaunchScreen.storyboard */ = {
			isa = PBXVariantGroup;
			children = (
				489435F22ABEF279001F1728 /* Base */,
			);
			name = LaunchScreen.storyboard;
			sourceTree = "<group>";
		};
/* End PBXVariantGroup section */

/* Begin XCBuildConfiguration section */
		489435F52ABEF279001F1728 /* Debug */ = {
			isa = XCBuildConfiguration;
			buildSettings = {
				ALWAYS_SEARCH_USER_PATHS = NO;
				CLANG_ANALYZER_NONNULL = YES;
				CLANG_ANALYZER_NUMBER_OBJECT_CONVERSION = YES_AGGRESSIVE;
				CLANG_CXX_LANGUAGE_STANDARD = "gnu++20";
				CLANG_ENABLE_MODULES = YES;
				CLANG_ENABLE_OBJC_ARC = YES;
				CLANG_ENABLE_OBJC_WEAK = YES;
				CLANG_WARN_BLOCK_CAPTURE_AUTORELEASING = YES;
				CLANG_WARN_BOOL_CONVERSION = YES;
				CLANG_WARN_COMMA = YES;
				CLANG_WARN_CONSTANT_CONVERSION = YES;
				CLANG_WARN_DEPRECATED_OBJC_IMPLEMENTATIONS = YES;
				CLANG_WARN_DIRECT_OBJC_ISA_USAGE = YES_ERROR;
				CLANG_WARN_DOCUMENTATION_COMMENTS = YES;
				CLANG_WARN_EMPTY_BODY = YES;
				CLANG_WARN_ENUM_CONVERSION = YES;
				CLANG_WARN_INFINITE_RECURSION = YES;
				CLANG_WARN_INT_CONVERSION = YES;
				CLANG_WARN_NON_LITERAL_NULL_CONVERSION = YES;
				CLANG_WARN_OBJC_IMPLICIT_RETAIN_SELF = YES;
				CLANG_WARN_OBJC_LITERAL_CONVERSION = YES;
				CLANG_WARN_OBJC_ROOT_CLASS = YES_ERROR;
				CLANG_WARN_QUOTED_INCLUDE_IN_FRAMEWORK_HEADER = YES;
				CLANG_WARN_RANGE_LOOP_ANALYSIS = YES;
				CLANG_WARN_STRICT_PROTOTYPES = YES;
				CLANG_WARN_SUSPICIOUS_MOVE = YES;
				CLANG_WARN_UNGUARDED_AVAILABILITY = YES_AGGRESSIVE;
				CLANG_WARN_UNREACHABLE_CODE = YES;
				CLANG_WARN__DUPLICATE_METHOD_MATCH = YES;
				COPY_PHASE_STRIP = NO;
				DEBUG_INFORMATION_FORMAT = dwarf;
				ENABLE_STRICT_OBJC_MSGSEND = YES;
				ENABLE_TESTABILITY = YES;
				GCC_C_LANGUAGE_STANDARD = gnu11;
				GCC_DYNAMIC_NO_PIC = NO;
				GCC_NO_COMMON_BLOCKS = YES;
				GCC_OPTIMIZATION_LEVEL = 0;
				GCC_PREPROCESSOR_DEFINITIONS = (
					"DEBUG=1",
					"$(inherited)",
				);
				GCC_WARN_64_TO_32_BIT_CONVERSION = YES;
				GCC_WARN_ABOUT_RETURN_TYPE = YES_ERROR;
				GCC_WARN_UNDECLARED_SELECTOR = YES;
				GCC_WARN_UNINITIALIZED_AUTOS = YES_AGGRESSIVE;
				GCC_WARN_UNUSED_FUNCTION = YES;
				GCC_WARN_UNUSED_VARIABLE = YES;
				IPHONEOS_DEPLOYMENT_TARGET = 16.4;
				MTL_ENABLE_DEBUG_INFO = INCLUDE_SOURCE;
				MTL_FAST_MATH = YES;
				ONLY_ACTIVE_ARCH = YES;
				SDKROOT = iphoneos;
				SWIFT_ACTIVE_COMPILATION_CONDITIONS = DEBUG;
				SWIFT_OPTIMIZATION_LEVEL = "-Onone";
			};
			name = Debug;
		};
		489435F62ABEF279001F1728 /* Release */ = {
			isa = XCBuildConfiguration;
			buildSettings = {
				ALWAYS_SEARCH_USER_PATHS = NO;
				CLANG_ANALYZER_NONNULL = YES;
				CLANG_ANALYZER_NUMBER_OBJECT_CONVERSION = YES_AGGRESSIVE;
				CLANG_CXX_LANGUAGE_STANDARD = "gnu++20";
				CLANG_ENABLE_MODULES = YES;
				CLANG_ENABLE_OBJC_ARC = YES;
				CLANG_ENABLE_OBJC_WEAK = YES;
				CLANG_WARN_BLOCK_CAPTURE_AUTORELEASING = YES;
				CLANG_WARN_BOOL_CONVERSION = YES;
				CLANG_WARN_COMMA = YES;
				CLANG_WARN_CONSTANT_CONVERSION = YES;
				CLANG_WARN_DEPRECATED_OBJC_IMPLEMENTATIONS = YES;
				CLANG_WARN_DIRECT_OBJC_ISA_USAGE = YES_ERROR;
				CLANG_WARN_DOCUMENTATION_COMMENTS = YES;
				CLANG_WARN_EMPTY_BODY = YES;
				CLANG_WARN_ENUM_CONVERSION = YES;
				CLANG_WARN_INFINITE_RECURSION = YES;
				CLANG_WARN_INT_CONVERSION = YES;
				CLANG_WARN_NON_LITERAL_NULL_CONVERSION = YES;
				CLANG_WARN_OBJC_IMPLICIT_RETAIN_SELF = YES;
				CLANG_WARN_OBJC_LITERAL_CONVERSION = YES;
				CLANG_WARN_OBJC_ROOT_CLASS = YES_ERROR;
				CLANG_WARN_QUOTED_INCLUDE_IN_FRAMEWORK_HEADER = YES;
				CLANG_WARN_RANGE_LOOP_ANALYSIS = YES;
				CLANG_WARN_STRICT_PROTOTYPES = YES;
				CLANG_WARN_SUSPICIOUS_MOVE = YES;
				CLANG_WARN_UNGUARDED_AVAILABILITY = YES_AGGRESSIVE;
				CLANG_WARN_UNREACHABLE_CODE = YES;
				CLANG_WARN__DUPLICATE_METHOD_MATCH = YES;
				COPY_PHASE_STRIP = NO;
				DEBUG_INFORMATION_FORMAT = "dwarf-with-dsym";
				ENABLE_NS_ASSERTIONS = NO;
				ENABLE_STRICT_OBJC_MSGSEND = YES;
				GCC_C_LANGUAGE_STANDARD = gnu11;
				GCC_NO_COMMON_BLOCKS = YES;
				GCC_WARN_64_TO_32_BIT_CONVERSION = YES;
				GCC_WARN_ABOUT_RETURN_TYPE = YES_ERROR;
				GCC_WARN_UNDECLARED_SELECTOR = YES;
				GCC_WARN_UNINITIALIZED_AUTOS = YES_AGGRESSIVE;
				GCC_WARN_UNUSED_FUNCTION = YES;
				GCC_WARN_UNUSED_VARIABLE = YES;
				IPHONEOS_DEPLOYMENT_TARGET = 16.4;
				MTL_ENABLE_DEBUG_INFO = NO;
				MTL_FAST_MATH = YES;
				SDKROOT = iphoneos;
				SWIFT_COMPILATION_MODE = wholemodule;
				SWIFT_OPTIMIZATION_LEVEL = "-O";
				VALIDATE_PRODUCT = YES;
			};
			name = Release;
		};
		489435F82ABEF279001F1728 /* Debug */ = {
			isa = XCBuildConfiguration;
			buildSettings = {
				ASSETCATALOG_COMPILER_APPICON_NAME = AppIcon;
				ASSETCATALOG_COMPILER_GLOBAL_ACCENT_COLOR_NAME = AccentColor;
				CODE_SIGN_STYLE = Automatic;
				CURRENT_PROJECT_VERSION = 1;
				GENERATE_INFOPLIST_FILE = YES;
				INFOPLIST_FILE = 1st/Info.plist;
				INFOPLIST_KEY_UIApplicationSupportsIndirectInputEvents = YES;
				INFOPLIST_KEY_UILaunchStoryboardName = LaunchScreen;
				INFOPLIST_KEY_UISupportedInterfaceOrientations_iPad = "UIInterfaceOrientationPortrait UIInterfaceOrientationPortraitUpsideDown UIInterfaceOrientationLandscapeLeft UIInterfaceOrientationLandscapeRight";
				INFOPLIST_KEY_UISupportedInterfaceOrientations_iPhone = "UIInterfaceOrientationPortrait UIInterfaceOrientationLandscapeLeft UIInterfaceOrientationLandscapeRight";
				LD_RUNPATH_SEARCH_PATHS = (
					"$(inherited)",
					"@executable_path/Frameworks",
				);
				MARKETING_VERSION = 1.0;
				PRODUCT_BUNDLE_IDENTIFIER = "app.1st.-st";
				PRODUCT_NAME = "$(TARGET_NAME)";
				SWIFT_EMIT_LOC_STRINGS = YES;
				SWIFT_VERSION = 5.0;
				TARGETED_DEVICE_FAMILY = "1,2";
			};
			name = Debug;
		};
		489435F92ABEF279001F1728 /* Release */ = {
			isa = XCBuildConfiguration;
			buildSettings = {
				ASSETCATALOG_COMPILER_APPICON_NAME = AppIcon;
				ASSETCATALOG_COMPILER_GLOBAL_ACCENT_COLOR_NAME = AccentColor;
				CODE_SIGN_STYLE = Automatic;
				CURRENT_PROJECT_VERSION = 1;
				GENERATE_INFOPLIST_FILE = YES;
				INFOPLIST_FILE = 1st/Info.plist;
				INFOPLIST_KEY_UIApplicationSupportsIndirectInputEvents = YES;
				INFOPLIST_KEY_UILaunchStoryboardName = LaunchScreen;
				INFOPLIST_KEY_UISupportedInterfaceOrientations_iPad = "UIInterfaceOrientationPortrait UIInterfaceOrientationPortraitUpsideDown UIInterfaceOrientationLandscapeLeft UIInterfaceOrientationLandscapeRight";
				INFOPLIST_KEY_UISupportedInterfaceOrientations_iPhone = "UIInterfaceOrientationPortrait UIInterfaceOrientationLandscapeLeft UIInterfaceOrientationLandscapeRight";
				LD_RUNPATH_SEARCH_PATHS = (
					"$(inherited)",
					"@executable_path/Frameworks",
				);
				MARKETING_VERSION = 1.0;
				PRODUCT_BUNDLE_IDENTIFIER = "app.1st.-st";
				PRODUCT_NAME = "$(TARGET_NAME)";
				SWIFT_EMIT_LOC_STRINGS = YES;
				SWIFT_VERSION = 5.0;
				TARGETED_DEVICE_FAMILY = "1,2";
			};
			name = Release;
		};
/* End XCBuildConfiguration section */

/* Begin XCConfigurationList section */
		489435DB2ABEF279001F1728 /* Build configuration list for PBXProject "1st" */ = {
			isa = XCConfigurationList;
			buildConfigurations = (
				489435F52ABEF279001F1728 /* Debug */,
				489435F62ABEF279001F1728 /* Release */,
			);
			defaultConfigurationIsVisible = 0;
			defaultConfigurationName = Release;
		};
		489435F72ABEF279001F1728 /* Build configuration list for PBXNativeTarget "1st" */ = {
			isa = XCConfigurationList;
			buildConfigurations = (
				489435F82ABEF279001F1728 /* Debug */,
				489435F92ABEF279001F1728 /* Release */,
			);
			defaultConfigurationIsVisible = 0;
			defaultConfigurationName = Release;
		};
/* End XCConfigurationList section */

/* Begin XCRemoteSwiftPackageReference section */
		489435FA2ABEF33F001F1728 /* XCRemoteSwiftPackageReference "SnapKit" */ = {
			isa = XCRemoteSwiftPackageReference;
			repositoryURL = "https://github.com/SnapKit/SnapKit";
			requirement = {
				kind = upToNextMajorVersion;
				minimumVersion = 5.6.0;
			};
		};
/* End XCRemoteSwiftPackageReference section */

/* Begin XCSwiftPackageProductDependency section */
		489435FB2ABEF33F001F1728 /* SnapKit */ = {
			isa = XCSwiftPackageProductDependency;
			package = 489435FA2ABEF33F001F1728 /* XCRemoteSwiftPackageReference "SnapKit" */;
			productName = SnapKit;
		};
/* End XCSwiftPackageProductDependency section */

/* Begin XCVersionGroup section */
		489435EC2ABEF279001F1728 /* _st.xcdatamodeld */ = {
			isa = XCVersionGroup;
			children = (
				489435ED2ABEF279001F1728 /* _st.xcdatamodel */,
			);
			currentVersion = 489435ED2ABEF279001F1728 /* _st.xcdatamodel */;
			path = _st.xcdatamodeld;
			sourceTree = "<group>";
			versionGroupType = wrapper.xcdatamodel;
		};
/* End XCVersionGroup section */
	};
	rootObject = 489435D82ABEF279001F1728 /* Project object */;
}
